
Microsoft Visual Studio Solution File, Format Version 12.00
# Visual Studio Version 16
VisualStudioVersion = 16.0.29503.13
MinimumVisualStudioVersion = 10.0.40219.1
Project("{2150E333-8FDC-42A3-9474-1A3956D46DE8}") = "01.Utiltity", "01.Utiltity", "{98FB4486-D630-4276-AB72-A595A8124769}"
EndProject
Project("{2150E333-8FDC-42A3-9474-1A3956D46DE8}") = "02.WCF", "02.WCF", "{FD902035-71F6-49AC-A94B-B1E89EA4AEF1}"
EndProject
Project("{2150E333-8FDC-42A3-9474-1A3956D46DE8}") = "02.WPF", "02.WPF", "{2393E47F-83F7-4B35-8E8D-49525C9AC31A}"
EndProject
Project("{2150E333-8FDC-42A3-9474-1A3956D46DE8}") = "03.Modules", "03.Modules", "{229A0C6B-5AE2-462A-BE8A-4330FE0A1E77}"
EndProject
Project("{2150E333-8FDC-42A3-9474-1A3956D46DE8}") = "04.Client", "04.Client", "{F0E88E5F-B637-48D3-8648-C5C0DECFA2A6}"
EndProject
Project("{2150E333-8FDC-42A3-9474-1A3956D46DE8}") = "04.Services", "04.Services", "{63A4F975-1F4A-4208-9ABD-2EAD4843D8E9}"
EndProject
Project("{2150E333-8FDC-42A3-9474-1A3956D46DE8}") = "04.Test", "04.Test", "{8DE61C04-B456-441E-9D31-1DE121DE9020}"
EndProject
Project("{FAE04EC0-301F-11D3-BF4B-00C04F79EFBC}") = "Utility.Tools", "Utility.Tools\Utility.Tools.csproj", "{6AEBACA2-B9CA-49C8-8069-9EDA5AFEF4D7}"
EndProject
Project("{FAE04EC0-301F-11D3-BF4B-00C04F79EFBC}") = "Utility.WpfGUI", "Utility.WpfGUI\Utility.WpfGUI.csproj", "{9D9E0084-979D-48D7-B390-F16A7E61B516}"
EndProject
Project("{FAE04EC0-301F-11D3-BF4B-00C04F79EFBC}") = "WCF.Interfaces", "WCF.Interfaces\WCF.Interfaces.csproj", "{96CEAB10-983C-4B8E-9D07-C1B4622EAECF}"
EndProject
Project("{FAE04EC0-301F-11D3-BF4B-00C04F79EFBC}") = "WCF.Datas", "WCF.Datas\WCF.Datas.csproj", "{A428B987-4DB7-481B-96E0-64DA5813680A}"
EndProject
Project("{FAE04EC0-301F-11D3-BF4B-00C04F79EFBC}") = "Chat", "Chart\Chat.csproj", "{302CF18F-8205-4630-8C2F-5A6B1379B272}"
EndProject
Project("{FAE04EC0-301F-11D3-BF4B-00C04F79EFBC}") = "ChatServerModule", "ChartServerModule\ChatServerModule.csproj", "{C1612EED-F8BA-48C4-B2AC-288C15F735EC}"
EndProject
Project("{FAE04EC0-301F-11D3-BF4B-00C04F79EFBC}") = "ServiceProxy", "ServiceProxy\ServiceProxy.csproj", "{1B5039A5-43EE-4CD4-9E67-B21624CD4CB3}"
EndProject
Project("{FAE04EC0-301F-11D3-BF4B-00C04F79EFBC}") = "Module.ManagerCenter", "Module.ManagerCenter\Module.ManagerCenter.csproj", "{A16AFBE6-C49D-4A80-B230-F62E2C9E7AF7}"
EndProject
Project("{FAE04EC0-301F-11D3-BF4B-00C04F79EFBC}") = "1.StopWatchDemo", "1.StopWatch\1.StopWatchDemo.csproj", "{30AC0764-8277-4163-B573-394A5D9D1F69}"
EndProject
Global
	GlobalSection(SolutionConfigurationPlatforms) = preSolution
		Debug|Any CPU = Debug|Any CPU
		Debug|x64 = Debug|x64
		Release|Any CPU = Release|Any CPU
		Release|x64 = Release|x64
	EndGlobalSection
	GlobalSection(ProjectConfigurationPlatforms) = postSolution
		{6AEBACA2-B9CA-49C8-8069-9EDA5AFEF4D7}.Debug|Any CPU.ActiveCfg = Debug|Any CPU
		{6AEBACA2-B9CA-49C8-8069-9EDA5AFEF4D7}.Debug|Any CPU.Build.0 = Debug|Any CPU
		{6AEBACA2-B9CA-49C8-8069-9EDA5AFEF4D7}.Debug|x64.ActiveCfg = Debug|x64
		{6AEBACA2-B9CA-49C8-8069-9EDA5AFEF4D7}.Debug|x64.Build.0 = Debug|x64
		{6AEBACA2-B9CA-49C8-8069-9EDA5AFEF4D7}.Release|Any CPU.ActiveCfg = Release|Any CPU
		{6AEBACA2-B9CA-49C8-8069-9EDA5AFEF4D7}.Release|Any CPU.Build.0 = Release|Any CPU
		{6AEBACA2-B9CA-49C8-8069-9EDA5AFEF4D7}.Release|x64.ActiveCfg = Release|x64
		{6AEBACA2-B9CA-49C8-8069-9EDA5AFEF4D7}.Release|x64.Build.0 = Release|x64
		{9D9E0084-979D-48D7-B390-F16A7E61B516}.Debug|Any CPU.ActiveCfg = Debug|Any CPU
		{9D9E0084-979D-48D7-B390-F16A7E61B516}.Debug|Any CPU.Build.0 = Debug|Any CPU
		{9D9E0084-979D-48D7-B390-F16A7E61B516}.Debug|x64.ActiveCfg = Debug|x64
		{9D9E0084-979D-48D7-B390-F16A7E61B516}.Debug|x64.Build.0 = Debug|x64
		{9D9E0084-979D-48D7-B390-F16A7E61B516}.Release|Any CPU.ActiveCfg = Release|Any CPU
		{9D9E0084-979D-48D7-B390-F16A7E61B516}.Release|Any CPU.Build.0 = Release|Any CPU
		{9D9E0084-979D-48D7-B390-F16A7E61B516}.Release|x64.ActiveCfg = Release|x64
		{9D9E0084-979D-48D7-B390-F16A7E61B516}.Release|x64.Build.0 = Release|x64
		{96CEAB10-983C-4B8E-9D07-C1B4622EAECF}.Debug|Any CPU.ActiveCfg = Debug|Any CPU
		{96CEAB10-983C-4B8E-9D07-C1B4622EAECF}.Debug|Any CPU.Build.0 = Debug|Any CPU
		{96CEAB10-983C-4B8E-9D07-C1B4622EAECF}.Debug|x64.ActiveCfg = Debug|x64
		{96CEAB10-983C-4B8E-9D07-C1B4622EAECF}.Debug|x64.Build.0 = Debug|x64
		{96CEAB10-983C-4B8E-9D07-C1B4622EAECF}.Release|Any CPU.ActiveCfg = Release|Any CPU
		{96CEAB10-983C-4B8E-9D07-C1B4622EAECF}.Release|Any CPU.Build.0 = Release|Any CPU
		{96CEAB10-983C-4B8E-9D07-C1B4622EAECF}.Release|x64.ActiveCfg = Release|x64
		{96CEAB10-983C-4B8E-9D07-C1B4622EAECF}.Release|x64.Build.0 = Release|x64
		{A428B987-4DB7-481B-96E0-64DA5813680A}.Debug|Any CPU.ActiveCfg = Debug|Any CPU
		{A428B987-4DB7-481B-96E0-64DA5813680A}.Debug|Any CPU.Build.0 = Debug|Any CPU
		{A428B987-4DB7-481B-96E0-64DA5813680A}.Debug|x64.ActiveCfg = Debug|x64
		{A428B987-4DB7-481B-96E0-64DA5813680A}.Debug|x64.Build.0 = Debug|x64
		{A428B987-4DB7-481B-96E0-64DA5813680A}.Release|Any CPU.ActiveCfg = Release|Any CPU
		{A428B987-4DB7-481B-96E0-64DA5813680A}.Release|Any CPU.Build.0 = Release|Any CPU
		{A428B987-4DB7-481B-96E0-64DA5813680A}.Release|x64.ActiveCfg = Release|x64
		{A428B987-4DB7-481B-96E0-64DA5813680A}.Release|x64.Build.0 = Release|x64
		{302CF18F-8205-4630-8C2F-5A6B1379B272}.Debug|Any CPU.ActiveCfg = Debug|Any CPU
		{302CF18F-8205-4630-8C2F-5A6B1379B272}.Debug|Any CPU.Build.0 = Debug|Any CPU
		{302CF18F-8205-4630-8C2F-5A6B1379B272}.Debug|x64.ActiveCfg = Debug|x64
		{302CF18F-8205-4630-8C2F-5A6B1379B272}.Debug|x64.Build.0 = Debug|x64
		{302CF18F-8205-4630-8C2F-5A6B1379B272}.Release|Any CPU.ActiveCfg = Release|Any CPU
		{302CF18F-8205-4630-8C2F-5A6B1379B272}.Release|Any CPU.Build.0 = Release|Any CPU
		{302CF18F-8205-4630-8C2F-5A6B1379B272}.Release|x64.ActiveCfg = Release|x64
		{302CF18F-8205-4630-8C2F-5A6B1379B272}.Release|x64.Build.0 = Release|x64
		{C1612EED-F8BA-48C4-B2AC-288C15F735EC}.Debug|Any CPU.ActiveCfg = Debug|Any CPU
		{C1612EED-F8BA-48C4-B2AC-288C15F735EC}.Debug|Any CPU.Build.0 = Debug|Any CPU
		{C1612EED-F8BA-48C4-B2AC-288C15F735EC}.Debug|x64.ActiveCfg = Debug|x64
		{C1612EED-F8BA-48C4-B2AC-288C15F735EC}.Debug|x64.Build.0 = Debug|x64
		{C1612EED-F8BA-48C4-B2AC-288C15F735EC}.Release|Any CPU.ActiveCfg = Release|Any CPU
		{C1612EED-F8BA-48C4-B2AC-288C15F735EC}.Release|Any CPU.Build.0 = Release|Any CPU
		{C1612EED-F8BA-48C4-B2AC-288C15F735EC}.Release|x64.ActiveCfg = Release|x64
		{C1612EED-F8BA-48C4-B2AC-288C15F735EC}.Release|x64.Build.0 = Release|x64
		{1B5039A5-43EE-4CD4-9E67-B21624CD4CB3}.Debug|Any CPU.ActiveCfg = Debug|Any CPU
		{1B5039A5-43EE-4CD4-9E67-B21624CD4CB3}.Debug|Any CPU.Build.0 = Debug|Any CPU
		{1B5039A5-43EE-4CD4-9E67-B21624CD4CB3}.Debug|x64.ActiveCfg = Debug|x64
		{1B5039A5-43EE-4CD4-9E67-B21624CD4CB3}.Debug|x64.Build.0 = Debug|x64
		{1B5039A5-43EE-4CD4-9E67-B21624CD4CB3}.Release|Any CPU.ActiveCfg = Release|Any CPU
		{1B5039A5-43EE-4CD4-9E67-B21624CD4CB3}.Release|Any CPU.Build.0 = Release|Any CPU
		{1B5039A5-43EE-4CD4-9E67-B21624CD4CB3}.Release|x64.ActiveCfg = Release|x64
		{1B5039A5-43EE-4CD4-9E67-B21624CD4CB3}.Release|x64.Build.0 = Release|x64
		{A16AFBE6-C49D-4A80-B230-F62E2C9E7AF7}.Debug|Any CPU.ActiveCfg = Debug|Any CPU
		{A16AFBE6-C49D-4A80-B230-F62E2C9E7AF7}.Debug|Any CPU.Build.0 = Debug|Any CPU
		{A16AFBE6-C49D-4A80-B230-F62E2C9E7AF7}.Debug|x64.ActiveCfg = Debug|x64
		{A16AFBE6-C49D-4A80-B230-F62E2C9E7AF7}.Debug|x64.Build.0 = Debug|x64
		{A16AFBE6-C49D-4A80-B230-F62E2C9E7AF7}.Release|Any CPU.ActiveCfg = Release|Any CPU
		{A16AFBE6-C49D-4A80-B230-F62E2C9E7AF7}.Release|Any CPU.Build.0 = Release|Any CPU
		{A16AFBE6-C49D-4A80-B230-F62E2C9E7AF7}.Release|x64.ActiveCfg = Release|x64
		{A16AFBE6-C49D-4A80-B230-F62E2C9E7AF7}.Release|x64.Build.0 = Release|x64
		{30AC0764-8277-4163-B573-394A5D9D1F69}.Debug|Any CPU.ActiveCfg = Debug|Any CPU
		{30AC0764-8277-4163-B573-394A5D9D1F69}.Debug|Any CPU.Build.0 = Debug|Any CPU
		{30AC0764-8277-4163-B573-394A5D9D1F69}.Debug|x64.ActiveCfg = Debug|x64
		{30AC0764-8277-4163-B573-394A5D9D1F69}.Debug|x64.Build.0 = Debug|x64
		{30AC0764-8277-4163-B573-394A5D9D1F69}.Release|Any CPU.ActiveCfg = Release|Any CPU
		{30AC0764-8277-4163-B573-394A5D9D1F69}.Release|Any CPU.Build.0 = Release|Any CPU
		{30AC0764-8277-4163-B573-394A5D9D1F69}.Release|x64.ActiveCfg = Release|x64
		{30AC0764-8277-4163-B573-394A5D9D1F69}.Release|x64.Build.0 = Release|x64
	EndGlobalSection
	GlobalSection(SolutionProperties) = preSolution
		HideSolutionNode = FALSE
	EndGlobalSection
	GlobalSection(NestedProjects) = preSolution
		{6AEBACA2-B9CA-49C8-8069-9EDA5AFEF4D7} = {98FB4486-D630-4276-AB72-A595A8124769}
		{9D9E0084-979D-48D7-B390-F16A7E61B516} = {98FB4486-D630-4276-AB72-A595A8124769}
		{96CEAB10-983C-4B8E-9D07-C1B4622EAECF} = {FD902035-71F6-49AC-A94B-B1E89EA4AEF1}
		{A428B987-4DB7-481B-96E0-64DA5813680A} = {FD902035-71F6-49AC-A94B-B1E89EA4AEF1}
		{302CF18F-8205-4630-8C2F-5A6B1379B272} = {F0E88E5F-B637-48D3-8648-C5C0DECFA2A6}
		{C1612EED-F8BA-48C4-B2AC-288C15F735EC} = {63A4F975-1F4A-4208-9ABD-2EAD4843D8E9}
		{1B5039A5-43EE-4CD4-9E67-B21624CD4CB3} = {229A0C6B-5AE2-462A-BE8A-4330FE0A1E77}
		{A16AFBE6-C49D-4A80-B230-F62E2C9E7AF7} = {229A0C6B-5AE2-462A-BE8A-4330FE0A1E77}
		{30AC0764-8277-4163-B573-394A5D9D1F69} = {8DE61C04-B456-441E-9D31-1DE121DE9020}
	EndGlobalSection
	GlobalSection(ExtensibilityGlobals) = postSolution
		SolutionGuid = {0E7A23EE-6906-49F7-8D6E-EEF8670FF66A}
	EndGlobalSection
EndGlobal
